
Microsoft Visual Studio Solution File, Format Version 12.00
# Visual Studio Version 16
VisualStudioVersion = 16.0.31025.194
MinimumVisualStudioVersion = 10.0.40219.1
Project("{FAE04EC0-301F-11D3-BF4B-00C04F79EFBC}") = "SuperMarket", "SuperMarket.csproj", "{C63C9DA4-2BED-407F-86D0-862DF1577290}"
EndProject
Global
	GlobalSection(SolutionConfigurationPlatforms) = preSolution
		Debug|Any CPU = Debug|Any CPU
		Release|Any CPU = Release|Any CPU
	EndGlobalSection
	GlobalSection(ProjectConfigurationPlatforms) = postSolution
		{C63C9DA4-2BED-407F-86D0-862DF1577290}.Debug|Any CPU.ActiveCfg = Debug|Any CPU
		{C63C9DA4-2BED-407F-86D0-862DF1577290}.Debug|Any CPU.Build.0 = Debug|Any CPU
		{C63C9DA4-2BED-407F-86D0-862DF1577290}.Release|Any CPU.ActiveCfg = Release|Any CPU
		{C63C9DA4-2BED-407F-86D0-862DF1577290}.Release|Any CPU.Build.0 = Release|Any CPU
	EndGlobalSection
	GlobalSection(SolutionProperties) = preSolution
		HideSolutionNode = FALSE
	EndGlobalSection
	GlobalSection(ExtensibilityGlobals) = postSolution
		SolutionGuid = {35E2661C-35E8-4DC6-A9F5-AF28CAB9D8CF}
	EndGlobalSection
EndGlobal
